// !$*UTF8*$!
{
	archiveVersion = 1;
	classes = {
	};
	objectVersion = 46;
	objects = {

/* Begin PBXBuildFile section */
		8ED8D50E1D24C18C00E20E28 /* main.cpp in Sources */ = {isa = PBXBuildFile; fileRef = 8ED8D50D1D24C18C00E20E28 /* main.cpp */; };
		8ED8D5151D24C21500E20E28 /* libgurobi_g++4.2.a in Frameworks */ = {isa = PBXBuildFile; fileRef = 8ED8D5141D24C21500E20E28 /* libgurobi_g++4.2.a */; };
		8ED8D5171D24C22500E20E28 /* libgurobi65.so in Frameworks */ = {isa = PBXBuildFile; fileRef = 8ED8D5161D24C22500E20E28 /* libgurobi65.so */; };
/* End PBXBuildFile section */

/* Begin PBXContainerItemProxy section */
		8ED8D52F1D24F00E00E20E28 /* PBXContainerItemProxy */ = {
			isa = PBXContainerItemProxy;
			containerPortal = 8ED8D52B1D24F00E00E20E28 /* imputation.xcodeproj */;
			proxyType = 2;
			remoteGlobalIDString = 8ED8D5211D24F00700E20E28;
			remoteInfo = imputation;
		};
/* End PBXContainerItemProxy section */

/* Begin PBXCopyFilesBuildPhase section */
		8ED8D5081D24C18C00E20E28 /* CopyFiles */ = {
			isa = PBXCopyFilesBuildPhase;
			buildActionMask = 2147483647;
			dstPath = /usr/share/man/man1/;
			dstSubfolderSpec = 0;
			files = (
			);
			runOnlyForDeploymentPostprocessing = 1;
		};
/* End PBXCopyFilesBuildPhase section */

/* Begin PBXFileReference section */
		8ED8D50A1D24C18C00E20E28 /* test */ = {isa = PBXFileReference; explicitFileType = "compiled.mach-o.executable"; includeInIndex = 0; path = test; sourceTree = BUILT_PRODUCTS_DIR; };
		8ED8D50D1D24C18C00E20E28 /* main.cpp */ = {isa = PBXFileReference; lastKnownFileType = sourcecode.cpp.cpp; path = main.cpp; sourceTree = "<group>"; };
		8ED8D5141D24C21500E20E28 /* libgurobi_g++4.2.a */ = {isa = PBXFileReference; lastKnownFileType = archive.ar; name = "libgurobi_g++4.2.a"; path = "../../../../../../../../Library/gurobi652/mac64/lib/libgurobi_g++4.2.a"; sourceTree = "<group>"; };
		8ED8D5161D24C22500E20E28 /* libgurobi65.so */ = {isa = PBXFileReference; lastKnownFileType = "compiled.mach-o.dylib"; name = libgurobi65.so; path = ../../../../../../../../Library/gurobi652/mac64/lib/libgurobi65.so; sourceTree = "<group>"; };
		8ED8D52B1D24F00E00E20E28 /* imputation.xcodeproj */ = {isa = PBXFileReference; lastKnownFileType = "wrapper.pb-project"; name = imputation.xcodeproj; path = ../imputation/imputation.xcodeproj; sourceTree = "<group>"; };
/* End PBXFileReference section */

/* Begin PBXFrameworksBuildPhase section */
		8ED8D5071D24C18C00E20E28 /* Frameworks */ = {
			isa = PBXFrameworksBuildPhase;
			buildActionMask = 2147483647;
			files = (
				8ED8D5171D24C22500E20E28 /* libgurobi65.so in Frameworks */,
				8ED8D5151D24C21500E20E28 /* libgurobi_g++4.2.a in Frameworks */,
			);
			runOnlyForDeploymentPostprocessing = 0;
		};
/* End PBXFrameworksBuildPhase section */

/* Begin PBXGroup section */
		8ED8D5011D24C18C00E20E28 = {
			isa = PBXGroup;
			children = (
				8ED8D52B1D24F00E00E20E28 /* imputation.xcodeproj */,
				8ED8D50C1D24C18C00E20E28 /* test */,
				8ED8D50B1D24C18C00E20E28 /* Products */,
			);
			sourceTree = "<group>";
		};
		8ED8D50B1D24C18C00E20E28 /* Products */ = {
			isa = PBXGroup;
			children = (
				8ED8D50A1D24C18C00E20E28 /* test */,
			);
			name = Products;
			sourceTree = "<group>";
		};
		8ED8D50C1D24C18C00E20E28 /* test */ = {
			isa = PBXGroup;
			children = (
				8ED8D50D1D24C18C00E20E28 /* main.cpp */,
				8ED8D5141D24C21500E20E28 /* libgurobi_g++4.2.a */,
				8ED8D5161D24C22500E20E28 /* libgurobi65.so */,
			);
			path = test;
			sourceTree = "<group>";
		};
		8ED8D52C1D24F00E00E20E28 /* Products */ = {
			isa = PBXGroup;
			children = (
				8ED8D5301D24F00E00E20E28 /* imputation */,
			);
			name = Products;
			sourceTree = "<group>";
		};
/* End PBXGroup section */

/* Begin PBXNativeTarget section */
		8ED8D5091D24C18C00E20E28 /* test */ = {
			isa = PBXNativeTarget;
			buildConfigurationList = 8ED8D5111D24C18C00E20E28 /* Build configuration list for PBXNativeTarget "test" */;
			buildPhases = (
				8ED8D5061D24C18C00E20E28 /* Sources */,
				8ED8D5071D24C18C00E20E28 /* Frameworks */,
				8ED8D5081D24C18C00E20E28 /* CopyFiles */,
			);
			buildRules = (
			);
			dependencies = (
			);
			name = test;
			productName = test;
			productReference = 8ED8D50A1D24C18C00E20E28 /* test */;
			productType = "com.apple.product-type.tool";
		};
/* End PBXNativeTarget section */

/* Begin PBXProject section */
		8ED8D5021D24C18C00E20E28 /* Project object */ = {
			isa = PBXProject;
			attributes = {
				LastUpgradeCheck = 0730;
				ORGANIZATIONNAME = "Niko Yasui";
				TargetAttributes = {
					8ED8D5091D24C18C00E20E28 = {
						CreatedOnToolsVersion = 7.3.1;
					};
				};
			};
			buildConfigurationList = 8ED8D5051D24C18C00E20E28 /* Build configuration list for PBXProject "test" */;
			compatibilityVersion = "Xcode 3.2";
			developmentRegion = English;
			hasScannedForEncodings = 0;
			knownRegions = (
				en,
			);
			mainGroup = 8ED8D5011D24C18C00E20E28;
			productRefGroup = 8ED8D50B1D24C18C00E20E28 /* Products */;
			projectDirPath = "";
			projectReferences = (
				{
					ProductGroup = 8ED8D52C1D24F00E00E20E28 /* Products */;
					ProjectRef = 8ED8D52B1D24F00E00E20E28 /* imputation.xcodeproj */;
				},
			);
			projectRoot = "";
			targets = (
				8ED8D5091D24C18C00E20E28 /* test */,
			);
		};
/* End PBXProject section */

/* Begin PBXReferenceProxy section */
		8ED8D5301D24F00E00E20E28 /* imputation */ = {
			isa = PBXReferenceProxy;
			fileType = "compiled.mach-o.executable";
			path = imputation;
			remoteRef = 8ED8D52F1D24F00E00E20E28 /* PBXContainerItemProxy */;
			sourceTree = BUILT_PRODUCTS_DIR;
		};
/* End PBXReferenceProxy section */

/* Begin PBXSourcesBuildPhase section */
		8ED8D5061D24C18C00E20E28 /* Sources */ = {
			isa = PBXSourcesBuildPhase;
			buildActionMask = 2147483647;
			files = (
				8ED8D50E1D24C18C00E20E28 /* main.cpp in Sources */,
			);
			runOnlyForDeploymentPostprocessing = 0;
		};
/* End PBXSourcesBuildPhase section */

/* Begin XCBuildConfiguration section */
		8ED8D50F1D24C18C00E20E28 /* Debug */ = {
			isa = XCBuildConfiguration;
			buildSettings = {
				ALWAYS_SEARCH_USER_PATHS = NO;
				CLANG_ANALYZER_NONNULL = YES;
				CLANG_CXX_LANGUAGE_STANDARD = "gnu++0x";
				CLANG_CXX_LIBRARY = "libc++";
				CLANG_ENABLE_MODULES = YES;
				CLANG_ENABLE_OBJC_ARC = YES;
				CLANG_WARN_BOOL_CONVERSION = YES;
				CLANG_WARN_CONSTANT_CONVERSION = YES;
				CLANG_WARN_DIRECT_OBJC_ISA_USAGE = YES_ERROR;
				CLANG_WARN_EMPTY_BODY = YES;
				CLANG_WARN_ENUM_CONVERSION = YES;
				CLANG_WARN_INT_CONVERSION = YES;
				CLANG_WARN_OBJC_ROOT_CLASS = YES_ERROR;
				CLANG_WARN_UNREACHABLE_CODE = YES;
				CLANG_WARN__DUPLICATE_METHOD_MATCH = YES;
				CODE_SIGN_IDENTITY = "-";
				COPY_PHASE_STRIP = NO;
				DEBUG_INFORMATION_FORMAT = dwarf;
				ENABLE_STRICT_OBJC_MSGSEND = YES;
				ENABLE_TESTABILITY = YES;
				GCC_C_LANGUAGE_STANDARD = gnu99;
				GCC_DYNAMIC_NO_PIC = NO;
				GCC_NO_COMMON_BLOCKS = YES;
				GCC_OPTIMIZATION_LEVEL = 0;
				GCC_PREPROCESSOR_DEFINITIONS = (
					"DEBUG=1",
					"$(inherited)",
				);
				GCC_WARN_64_TO_32_BIT_CONVERSION = YES;
				GCC_WARN_ABOUT_RETURN_TYPE = YES_ERROR;
				GCC_WARN_UNDECLARED_SELECTOR = YES;
				GCC_WARN_UNINITIALIZED_AUTOS = YES_AGGRESSIVE;
				GCC_WARN_UNUSED_FUNCTION = YES;
				GCC_WARN_UNUSED_VARIABLE = YES;
				MACOSX_DEPLOYMENT_TARGET = 10.11;
				MTL_ENABLE_DEBUG_INFO = YES;
				ONLY_ACTIVE_ARCH = YES;
				SDKROOT = macosx;
			};
			name = Debug;
		};
		8ED8D5101D24C18C00E20E28 /* Release */ = {
			isa = XCBuildConfiguration;
			buildSettings = {
				ALWAYS_SEARCH_USER_PATHS = NO;
				CLANG_ANALYZER_NONNULL = YES;
				CLANG_CXX_LANGUAGE_STANDARD = "gnu++0x";
				CLANG_CXX_LIBRARY = "libc++";
				CLANG_ENABLE_MODULES = YES;
				CLANG_ENABLE_OBJC_ARC = YES;
				CLANG_WARN_BOOL_CONVERSION = YES;
				CLANG_WARN_CONSTANT_CONVERSION = YES;
				CLANG_WARN_DIRECT_OBJC_ISA_USAGE = YES_ERROR;
				CLANG_WARN_EMPTY_BODY = YES;
				CLANG_WARN_ENUM_CONVERSION = YES;
				CLANG_WARN_INT_CONVERSION = YES;
				CLANG_WARN_OBJC_ROOT_CLASS = YES_ERROR;
				CLANG_WARN_UNREACHABLE_CODE = YES;
				CLANG_WARN__DUPLICATE_METHOD_MATCH = YES;
				CODE_SIGN_IDENTITY = "-";
				COPY_PHASE_STRIP = NO;
				DEBUG_INFORMATION_FORMAT = "dwarf-with-dsym";
				ENABLE_NS_ASSERTIONS = NO;
				ENABLE_STRICT_OBJC_MSGSEND = YES;
				GCC_C_LANGUAGE_STANDARD = gnu99;
				GCC_NO_COMMON_BLOCKS = YES;
				GCC_WARN_64_TO_32_BIT_CONVERSION = YES;
				GCC_WARN_ABOUT_RETURN_TYPE = YES_ERROR;
				GCC_WARN_UNDECLARED_SELECTOR = YES;
				GCC_WARN_UNINITIALIZED_AUTOS = YES_AGGRESSIVE;
				GCC_WARN_UNUSED_FUNCTION = YES;
				GCC_WARN_UNUSED_VARIABLE = YES;
				MACOSX_DEPLOYMENT_TARGET = 10.11;
				MTL_ENABLE_DEBUG_INFO = NO;
				SDKROOT = macosx;
			};
			name = Release;
		};
		8ED8D5121D24C18C00E20E28 /* Debug */ = {
			isa = XCBuildConfiguration;
			buildSettings = {
				HEADER_SEARCH_PATHS = /Library/gurobi652/mac64/include;
				LIBRARY_SEARCH_PATHS = (
					"$(inherited)",
					"$(LOCAL_LIBRARY_DIR)/gurobi652/mac64/lib",
				);
				PRODUCT_NAME = "$(TARGET_NAME)";
			};
			name = Debug;
		};
		8ED8D5131D24C18C00E20E28 /* Release */ = {
			isa = XCBuildConfiguration;
			buildSettings = {
				HEADER_SEARCH_PATHS = /Library/gurobi652/mac64/include;
				LIBRARY_SEARCH_PATHS = (
					"$(inherited)",
					"$(LOCAL_LIBRARY_DIR)/gurobi652/mac64/lib",
				);
				PRODUCT_NAME = "$(TARGET_NAME)";
			};
			name = Release;
		};
/* End XCBuildConfiguration section */

/* Begin XCConfigurationList section */
		8ED8D5051D24C18C00E20E28 /* Build configuration list for PBXProject "test" */ = {
			isa = XCConfigurationList;
			buildConfigurations = (
				8ED8D50F1D24C18C00E20E28 /* Debug */,
				8ED8D5101D24C18C00E20E28 /* Release */,
			);
			defaultConfigurationIsVisible = 0;
			defaultConfigurationName = Release;
		};
		8ED8D5111D24C18C00E20E28 /* Build configuration list for PBXNativeTarget "test" */ = {
			isa = XCConfigurationList;
			buildConfigurations = (
				8ED8D5121D24C18C00E20E28 /* Debug */,
				8ED8D5131D24C18C00E20E28 /* Release */,
			);
			defaultConfigurationIsVisible = 0;
		};
/* End XCConfigurationList section */
	};
	rootObject = 8ED8D5021D24C18C00E20E28 /* Project object */;
}
